<?xml version="1.0" encoding="utf-8"?>
<Project ToolsVersion="4.0" xmlns="http://schemas.microsoft.com/developer/msbuild/2003">
  <ItemGroup>
    <Filter Include="Development">
      <UniqueIdentifier>{4b178c2b-cf34-48ac-b58c-a404dbf488fc}</UniqueIdentifier>
    </Filter>
    <Filter Include="Prog">
      <UniqueIdentifier>{dd616293-93bd-4707-bfef-05e448129e86}</UniqueIdentifier>
    </Filter>
    <Filter Include="Development\Modules">
      <UniqueIdentifier>{4e646dcf-fb6b-45b6-b2c1-71c87a9fcf80}</UniqueIdentifier>
    </Filter>
    <Filter Include="Development\Scene">
      <UniqueIdentifier>{7b537edb-d230-4a74-b9d0-03070edd12b5}</UniqueIdentifier>
    </Filter>
    <Filter Include="Development\Tools">
      <UniqueIdentifier>{e642d046-3a6d-41d9-81fd-c5a4ed104753}</UniqueIdentifier>
    </Filter>
  </ItemGroup>
  <ItemGroup>
    <ClCompile Include="..\Motor2D\main.cpp">
      <Filter>Development</Filter>
    </ClCompile>
  </ItemGroup>
  <ItemGroup>
    <Xml Include="..\Motor2D\config.xml">
      <Filter>Development</Filter>
    </Xml>
  </ItemGroup>
</Project>