<?xml version="1.0" encoding="utf-8"?>
<Project ToolsVersion="4.0" xmlns="http://schemas.microsoft.com/developer/msbuild/2003">
  <ItemGroup>
    <Filter Include="UtilityClasses">
      <UniqueIdentifier>{87cd22a3-53f8-43ea-b4a5-25832cd10e29}</UniqueIdentifier>
    </Filter>
    <Filter Include="Development =========">
      <UniqueIdentifier>{d7edc349-28f9-4a1d-87c0-31ff09dcf5ba}</UniqueIdentifier>
    </Filter>
    <Filter Include="Development =========\Modules">
      <UniqueIdentifier>{6a635136-f07b-4017-8d98-c86cf3d3002d}</UniqueIdentifier>
    </Filter>
    <Filter Include="Development =========\Modules\Basics">
      <UniqueIdentifier>{1eef7f77-e700-4d17-bbb5-c2efedbe2245}</UniqueIdentifier>
    </Filter>
    <Filter Include="Development =========\Tools">
      <UniqueIdentifier>{f4aa35ba-0a4f-4558-858a-fcb00bea6c94}</UniqueIdentifier>
    </Filter>
    <Filter Include="Development =========\Tools\PugiXML">
      <UniqueIdentifier>{6acff7d7-87f4-47b7-a9c2-49ff60ca3957}</UniqueIdentifier>
    </Filter>
    <Filter Include="Development =========\Scene">
      <UniqueIdentifier>{b04c70a2-8371-40a8-8335-6f8913348cb3}</UniqueIdentifier>
    </Filter>
  </ItemGroup>
  <ItemGroup>
    <ClInclude Include="p2Defs.h">
      <Filter>UtilityClasses</Filter>
    </ClInclude>
    <ClInclude Include="p2DynArray.h">
      <Filter>UtilityClasses</Filter>
    </ClInclude>
    <ClInclude Include="p2Log.h">
      <Filter>UtilityClasses</Filter>
    </ClInclude>
    <ClInclude Include="p2List.h">
      <Filter>UtilityClasses</Filter>
    </ClInclude>
    <ClInclude Include="p2Point.h">
      <Filter>UtilityClasses</Filter>
    </ClInclude>
    <ClInclude Include="p2SString.h">
      <Filter>UtilityClasses</Filter>
    </ClInclude>
    <ClInclude Include="j1Module.h">
      <Filter>Development =========</Filter>
    </ClInclude>
    <ClInclude Include="j1App.h">
      <Filter>Development =========</Filter>
    </ClInclude>
    <ClInclude Include="j1Window.h">
      <Filter>Development =========\Modules\Basics</Filter>
    </ClInclude>
    <ClInclude Include="j1Textures.h">
      <Filter>Development =========\Modules\Basics</Filter>
    </ClInclude>
    <ClInclude Include="j1Render.h">
      <Filter>Development =========\Modules\Basics</Filter>
    </ClInclude>
    <ClInclude Include="j1Input.h">
      <Filter>Development =========\Modules\Basics</Filter>
    </ClInclude>
    <ClInclude Include="j1Audio.h">
      <Filter>Development =========\Modules\Basics</Filter>
    </ClInclude>
    <ClInclude Include="PugiXml\src\pugiconfig.hpp">
      <Filter>Development =========\Tools\PugiXML</Filter>
    </ClInclude>
    <ClInclude Include="PugiXml\src\pugixml.hpp">
      <Filter>Development =========\Tools\PugiXML</Filter>
    </ClInclude>
    <ClInclude Include="j1Map.h">
      <Filter>Development =========\Modules\Basics</Filter>
    </ClInclude>
    <ClInclude Include="j1Scene.h">
      <Filter>Development =========\Scene</Filter>
    </ClInclude>
  </ItemGroup>
  <ItemGroup>
    <ClCompile Include="p2Log.cpp">
      <Filter>UtilityClasses</Filter>
    </ClCompile>
    <ClCompile Include="j1App.cpp">
      <Filter>Development =========</Filter>
    </ClCompile>
    <ClCompile Include="j1Main.cpp">
      <Filter>Development =========</Filter>
    </ClCompile>
    <ClCompile Include="j1Window.cpp">
      <Filter>Development =========\Modules\Basics</Filter>
    </ClCompile>
    <ClCompile Include="j1Textures.cpp">
      <Filter>Development =========\Modules\Basics</Filter>
    </ClCompile>
    <ClCompile Include="j1Render.cpp">
      <Filter>Development =========\Modules\Basics</Filter>
    </ClCompile>
    <ClCompile Include="j1Input.cpp">
      <Filter>Development =========\Modules\Basics</Filter>
    </ClCompile>
    <ClCompile Include="j1Audio.cpp">
      <Filter>Development =========\Modules\Basics</Filter>
    </ClCompile>
    <ClCompile Include="PugiXml\src\pugixml.cpp">
      <Filter>Development =========\Tools\PugiXML</Filter>
    </ClCompile>
    <ClCompile Include="j1Map.cpp">
      <Filter>Development =========\Modules\Basics</Filter>
    </ClCompile>
    <ClCompile Include="j1Scene.cpp">
      <Filter>Development =========\Scene</Filter>
    </ClCompile>
  </ItemGroup>
  <ItemGroup>
    <Xml Include="..\Game\config.xml">
      <Filter>Development =========</Filter>
    </Xml>
  </ItemGroup>
</Project>