<?xml version="1.0" encoding="utf-8"?>
<Project ToolsVersion="4.0" xmlns="http://schemas.microsoft.com/developer/msbuild/2003">
  <ItemGroup>
    <Filter Include="UtilityClasses">
      <UniqueIdentifier>{87cd22a3-53f8-43ea-b4a5-25832cd10e29}</UniqueIdentifier>
    </Filter>
  </ItemGroup>
  <ItemGroup>
    <ClInclude Include="p2Defs.h">
      <Filter>UtilityClasses</Filter>
    </ClInclude>
  </ItemGroup>
</Project>